
Microsoft Visual Studio Solution File, Format Version 12.00
# Visual Studio Version 17
VisualStudioVersion = 17.11.35327.3
MinimumVisualStudioVersion = 10.0.40219.1
Project("{FAE04EC0-301F-11D3-BF4B-00C04F79EFBC}") = "MVVMTutorial", "MVVMTutorial.csproj", "{6D4C0ED5-24CB-4752-97D5-1E18DDACA571}"
EndProject
Global
	GlobalSection(SolutionConfigurationPlatforms) = preSolution
		Debug|Any CPU = Debug|Any CPU
		Release|Any CPU = Release|Any CPU
	EndGlobalSection
	GlobalSection(ProjectConfigurationPlatforms) = postSolution
		{6D4C0ED5-24CB-4752-97D5-1E18DDACA571}.Debug|Any CPU.ActiveCfg = Debug|Any CPU
		{6D4C0ED5-24CB-4752-97D5-1E18DDACA571}.Debug|Any CPU.Build.0 = Debug|Any CPU
		{6D4C0ED5-24CB-4752-97D5-1E18DDACA571}.Release|Any CPU.ActiveCfg = Release|Any CPU
		{6D4C0ED5-24CB-4752-97D5-1E18DDACA571}.Release|Any CPU.Build.0 = Release|Any CPU
	EndGlobalSection
	GlobalSection(SolutionProperties) = preSolution
		HideSolutionNode = FALSE
	EndGlobalSection
	GlobalSection(ExtensibilityGlobals) = postSolution
		SolutionGuid = {CBA125D1-F969-4B38-B0F2-C13EED3B876B}
	EndGlobalSection
EndGlobal
